
Microsoft Visual Studio Solution File, Format Version 12.00
# Visual Studio Version 16
VisualStudioVersion = 16.0.30225.117
MinimumVisualStudioVersion = 10.0.40219.1
Project("{FAE04EC0-301F-11D3-BF4B-00C04F79EFBC}") = "StokTakipUygulamasi", "StokTakipUygulamasi\StokTakipUygulamasi.csproj", "{CC3C0A3D-A6A9-4E81-BFAC-56CEABC34E29}"
EndProject
Global
	GlobalSection(SolutionConfigurationPlatforms) = preSolution
		Debug|Any CPU = Debug|Any CPU
		Release|Any CPU = Release|Any CPU
	EndGlobalSection
	GlobalSection(ProjectConfigurationPlatforms) = postSolution
		{CC3C0A3D-A6A9-4E81-BFAC-56CEABC34E29}.Debug|Any CPU.ActiveCfg = Debug|Any CPU
		{CC3C0A3D-A6A9-4E81-BFAC-56CEABC34E29}.Debug|Any CPU.Build.0 = Debug|Any CPU
		{CC3C0A3D-A6A9-4E81-BFAC-56CEABC34E29}.Release|Any CPU.ActiveCfg = Release|Any CPU
		{CC3C0A3D-A6A9-4E81-BFAC-56CEABC34E29}.Release|Any CPU.Build.0 = Release|Any CPU
	EndGlobalSection
	GlobalSection(SolutionProperties) = preSolution
		HideSolutionNode = FALSE
	EndGlobalSection
	GlobalSection(ExtensibilityGlobals) = postSolution
		SolutionGuid = {F19C161E-3E96-4DC3-9C35-0159BFC0CA19}
	EndGlobalSection
EndGlobal
